// !$*UTF8*$!
{
	archiveVersion = 1;
	classes = {
	};
	objectVersion = 55;
	objects = {

/* Begin PBXBuildFile section */
		470E368E2757BDA900471449 /* LawrenceBroomfieldApp.swift in Sources */ = {isa = PBXBuildFile; fileRef = 470E368D2757BDA900471449 /* LawrenceBroomfieldApp.swift */; };
		470E36902757BDA900471449 /* ListView.swift in Sources */ = {isa = PBXBuildFile; fileRef = 470E368F2757BDA900471449 /* ListView.swift */; };
		470E36922757BDAC00471449 /* Assets.xcassets in Resources */ = {isa = PBXBuildFile; fileRef = 470E36912757BDAC00471449 /* Assets.xcassets */; };
		470E36952757BDAC00471449 /* Preview Assets.xcassets in Resources */ = {isa = PBXBuildFile; fileRef = 470E36942757BDAC00471449 /* Preview Assets.xcassets */; };
		470E369D2757BE7E00471449 /* NetworkProtocol.swift in Sources */ = {isa = PBXBuildFile; fileRef = 470E369C2757BE7E00471449 /* NetworkProtocol.swift */; };
		470E36A02757C51E00471449 /* RedditService.swift in Sources */ = {isa = PBXBuildFile; fileRef = 470E369F2757C51E00471449 /* RedditService.swift */; };
		470E36A42757C55B00471449 /* RedditResponse.swift in Sources */ = {isa = PBXBuildFile; fileRef = 470E36A32757C55B00471449 /* RedditResponse.swift */; };
		470E36A62757C6F500471449 /* URLs.swift in Sources */ = {isa = PBXBuildFile; fileRef = 470E36A52757C6F500471449 /* URLs.swift */; };
		470E36A82757C79700471449 /* NetworkError.swift in Sources */ = {isa = PBXBuildFile; fileRef = 470E36A72757C79700471449 /* NetworkError.swift */; };
		470E36AB2757C8A600471449 /* RedditViewModel.swift in Sources */ = {isa = PBXBuildFile; fileRef = 470E36AA2757C8A600471449 /* RedditViewModel.swift */; };
		470E371C2757FB6A00471449 /* RowView.swift in Sources */ = {isa = PBXBuildFile; fileRef = 470E371B2757FB6A00471449 /* RowView.swift */; };
		470E37242757FEAB00471449 /* LawrenceBroomfieldTests.swift in Sources */ = {isa = PBXBuildFile; fileRef = 470E37232757FEAB00471449 /* LawrenceBroomfieldTests.swift */; };
		470E372B2757FED300471449 /* data.json in Resources */ = {isa = PBXBuildFile; fileRef = 470E372A2757FED300471449 /* data.json */; };
		470E374D27581EF400471449 /* FakeRedditService.swift in Sources */ = {isa = PBXBuildFile; fileRef = 470E374C27581EF400471449 /* FakeRedditService.swift */; };
/* End PBXBuildFile section */

/* Begin PBXContainerItemProxy section */
		470E37252757FEAB00471449 /* PBXContainerItemProxy */ = {
			isa = PBXContainerItemProxy;
			containerPortal = 470E36822757BDA900471449 /* Project object */;
			proxyType = 1;
			remoteGlobalIDString = 470E36892757BDA900471449;
			remoteInfo = LawrenceBroomfield;
		};
/* End PBXContainerItemProxy section */

/* Begin PBXFileReference section */
		470E368A2757BDA900471449 /* LawrenceBroomfield.app */ = {isa = PBXFileReference; explicitFileType = wrapper.application; includeInIndex = 0; path = LawrenceBroomfield.app; sourceTree = BUILT_PRODUCTS_DIR; };
		470E368D2757BDA900471449 /* LawrenceBroomfieldApp.swift */ = {isa = PBXFileReference; lastKnownFileType = sourcecode.swift; path = LawrenceBroomfieldApp.swift; sourceTree = "<group>"; };
		470E368F2757BDA900471449 /* ListView.swift */ = {isa = PBXFileReference; lastKnownFileType = sourcecode.swift; path = ListView.swift; sourceTree = "<group>"; };
		470E36912757BDAC00471449 /* Assets.xcassets */ = {isa = PBXFileReference; lastKnownFileType = folder.assetcatalog; path = Assets.xcassets; sourceTree = "<group>"; };
		470E36942757BDAC00471449 /* Preview Assets.xcassets */ = {isa = PBXFileReference; lastKnownFileType = folder.assetcatalog; path = "Preview Assets.xcassets"; sourceTree = "<group>"; };
		470E369C2757BE7E00471449 /* NetworkProtocol.swift */ = {isa = PBXFileReference; lastKnownFileType = sourcecode.swift; path = NetworkProtocol.swift; sourceTree = "<group>"; };
		470E369F2757C51E00471449 /* RedditService.swift */ = {isa = PBXFileReference; lastKnownFileType = sourcecode.swift; path = RedditService.swift; sourceTree = "<group>"; };
		470E36A32757C55B00471449 /* RedditResponse.swift */ = {isa = PBXFileReference; lastKnownFileType = sourcecode.swift; path = RedditResponse.swift; sourceTree = "<group>"; };
		470E36A52757C6F500471449 /* URLs.swift */ = {isa = PBXFileReference; lastKnownFileType = sourcecode.swift; path = URLs.swift; sourceTree = "<group>"; };
		470E36A72757C79700471449 /* NetworkError.swift */ = {isa = PBXFileReference; lastKnownFileType = sourcecode.swift; path = NetworkError.swift; sourceTree = "<group>"; };
		470E36AA2757C8A600471449 /* RedditViewModel.swift */ = {isa = PBXFileReference; lastKnownFileType = sourcecode.swift; path = RedditViewModel.swift; sourceTree = "<group>"; };
		470E371B2757FB6A00471449 /* RowView.swift */ = {isa = PBXFileReference; lastKnownFileType = sourcecode.swift; path = RowView.swift; sourceTree = "<group>"; };
		470E37212757FEAB00471449 /* LawrenceBroomfieldTests.xctest */ = {isa = PBXFileReference; explicitFileType = wrapper.cfbundle; includeInIndex = 0; path = LawrenceBroomfieldTests.xctest; sourceTree = BUILT_PRODUCTS_DIR; };
		470E37232757FEAB00471449 /* LawrenceBroomfieldTests.swift */ = {isa = PBXFileReference; lastKnownFileType = sourcecode.swift; path = LawrenceBroomfieldTests.swift; sourceTree = "<group>"; };
		470E372A2757FED300471449 /* data.json */ = {isa = PBXFileReference; lastKnownFileType = text.json; path = data.json; sourceTree = "<group>"; };
		470E374C27581EF400471449 /* FakeRedditService.swift */ = {isa = PBXFileReference; lastKnownFileType = sourcecode.swift; path = FakeRedditService.swift; sourceTree = "<group>"; };
/* End PBXFileReference section */

/* Begin PBXFrameworksBuildPhase section */
		470E36872757BDA900471449 /* Frameworks */ = {
			isa = PBXFrameworksBuildPhase;
			buildActionMask = 2147483647;
			files = (
			);
			runOnlyForDeploymentPostprocessing = 0;
		};
		470E371E2757FEAB00471449 /* Frameworks */ = {
			isa = PBXFrameworksBuildPhase;
			buildActionMask = 2147483647;
			files = (
			);
			runOnlyForDeploymentPostprocessing = 0;
		};
/* End PBXFrameworksBuildPhase section */

/* Begin PBXGroup section */
		470E36812757BDA900471449 = {
			isa = PBXGroup;
			children = (
				470E368C2757BDA900471449 /* LawrenceBroomfield */,
				470E37222757FEAB00471449 /* LawrenceBroomfieldTests */,
				470E368B2757BDA900471449 /* Products */,
			);
			sourceTree = "<group>";
		};
		470E368B2757BDA900471449 /* Products */ = {
			isa = PBXGroup;
			children = (
				470E368A2757BDA900471449 /* LawrenceBroomfield.app */,
				470E37212757FEAB00471449 /* LawrenceBroomfieldTests.xctest */,
			);
			name = Products;
			sourceTree = "<group>";
		};
		470E368C2757BDA900471449 /* LawrenceBroomfield */ = {
			isa = PBXGroup;
			children = (
				470E368D2757BDA900471449 /* LawrenceBroomfieldApp.swift */,
				470E36A12757C52900471449 /* Network */,
				470E369B2757BE6200471449 /* Services */,
				470E36A22757C54500471449 /* Models */,
				470E36A92757C84B00471449 /* ViewModels */,
				470E369E2757BE8300471449 /* Views */,
				470E36912757BDAC00471449 /* Assets.xcassets */,
				470E36932757BDAC00471449 /* Preview Content */,
			);
			path = LawrenceBroomfield;
			sourceTree = "<group>";
		};
		470E36932757BDAC00471449 /* Preview Content */ = {
			isa = PBXGroup;
			children = (
				470E36942757BDAC00471449 /* Preview Assets.xcassets */,
			);
			path = "Preview Content";
			sourceTree = "<group>";
		};
		470E369B2757BE6200471449 /* Services */ = {
			isa = PBXGroup;
			children = (
				470E369F2757C51E00471449 /* RedditService.swift */,
			);
			path = Services;
			sourceTree = "<group>";
		};
		470E369E2757BE8300471449 /* Views */ = {
			isa = PBXGroup;
			children = (
				470E368F2757BDA900471449 /* ListView.swift */,
				470E371B2757FB6A00471449 /* RowView.swift */,
			);
			path = Views;
			sourceTree = "<group>";
		};
		470E36A12757C52900471449 /* Network */ = {
			isa = PBXGroup;
			children = (
				470E369C2757BE7E00471449 /* NetworkProtocol.swift */,
				470E36A52757C6F500471449 /* URLs.swift */,
				470E36A72757C79700471449 /* NetworkError.swift */,
			);
			path = Network;
			sourceTree = "<group>";
		};
		470E36A22757C54500471449 /* Models */ = {
			isa = PBXGroup;
			children = (
				470E36A32757C55B00471449 /* RedditResponse.swift */,
			);
			path = Models;
			sourceTree = "<group>";
		};
		470E36A92757C84B00471449 /* ViewModels */ = {
			isa = PBXGroup;
			children = (
				470E36AA2757C8A600471449 /* RedditViewModel.swift */,
			);
			path = ViewModels;
			sourceTree = "<group>";
		};
		470E37222757FEAB00471449 /* LawrenceBroomfieldTests */ = {
			isa = PBXGroup;
			children = (
				470E37232757FEAB00471449 /* LawrenceBroomfieldTests.swift */,
				470E374C27581EF400471449 /* FakeRedditService.swift */,
				470E372A2757FED300471449 /* data.json */,
			);
			path = LawrenceBroomfieldTests;
			sourceTree = "<group>";
		};
/* End PBXGroup section */

/* Begin PBXNativeTarget section */
		470E36892757BDA900471449 /* LawrenceBroomfield */ = {
			isa = PBXNativeTarget;
			buildConfigurationList = 470E36982757BDAC00471449 /* Build configuration list for PBXNativeTarget "LawrenceBroomfield" */;
			buildPhases = (
				470E36862757BDA900471449 /* Sources */,
				470E36872757BDA900471449 /* Frameworks */,
				470E36882757BDA900471449 /* Resources */,
			);
			buildRules = (
			);
			dependencies = (
			);
			name = LawrenceBroomfield;
			productName = LawrenceBroomfield;
			productReference = 470E368A2757BDA900471449 /* LawrenceBroomfield.app */;
			productType = "com.apple.product-type.application";
		};
		470E37202757FEAB00471449 /* LawrenceBroomfieldTests */ = {
			isa = PBXNativeTarget;
			buildConfigurationList = 470E37292757FEAB00471449 /* Build configuration list for PBXNativeTarget "LawrenceBroomfieldTests" */;
			buildPhases = (
				470E371D2757FEAB00471449 /* Sources */,
				470E371E2757FEAB00471449 /* Frameworks */,
				470E371F2757FEAB00471449 /* Resources */,
			);
			buildRules = (
			);
			dependencies = (
				470E37262757FEAB00471449 /* PBXTargetDependency */,
			);
			name = LawrenceBroomfieldTests;
			productName = LawrenceBroomfieldTests;
			productReference = 470E37212757FEAB00471449 /* LawrenceBroomfieldTests.xctest */;
			productType = "com.apple.product-type.bundle.unit-test";
		};
/* End PBXNativeTarget section */

/* Begin PBXProject section */
		470E36822757BDA900471449 /* Project object */ = {
			isa = PBXProject;
			attributes = {
				BuildIndependentTargetsInParallel = 1;
				LastSwiftUpdateCheck = 1310;
				LastUpgradeCheck = 1310;
				TargetAttributes = {
					470E36892757BDA900471449 = {
						CreatedOnToolsVersion = 13.1;
					};
					470E37202757FEAB00471449 = {
						CreatedOnToolsVersion = 13.1;
						TestTargetID = 470E36892757BDA900471449;
					};
				};
			};
			buildConfigurationList = 470E36852757BDA900471449 /* Build configuration list for PBXProject "LawrenceBroomfield" */;
			compatibilityVersion = "Xcode 13.0";
			developmentRegion = en;
			hasScannedForEncodings = 0;
			knownRegions = (
				en,
				Base,
			);
			mainGroup = 470E36812757BDA900471449;
			productRefGroup = 470E368B2757BDA900471449 /* Products */;
			projectDirPath = "";
			projectRoot = "";
			targets = (
				470E36892757BDA900471449 /* LawrenceBroomfield */,
				470E37202757FEAB00471449 /* LawrenceBroomfieldTests */,
			);
		};
/* End PBXProject section */

/* Begin PBXResourcesBuildPhase section */
		470E36882757BDA900471449 /* Resources */ = {
			isa = PBXResourcesBuildPhase;
			buildActionMask = 2147483647;
			files = (
				470E36952757BDAC00471449 /* Preview Assets.xcassets in Resources */,
				470E36922757BDAC00471449 /* Assets.xcassets in Resources */,
			);
			runOnlyForDeploymentPostprocessing = 0;
		};
		470E371F2757FEAB00471449 /* Resources */ = {
			isa = PBXResourcesBuildPhase;
			buildActionMask = 2147483647;
			files = (
				470E372B2757FED300471449 /* data.json in Resources */,
			);
			runOnlyForDeploymentPostprocessing = 0;
		};
/* End PBXResourcesBuildPhase section */

/* Begin PBXSourcesBuildPhase section */
		470E36862757BDA900471449 /* Sources */ = {
			isa = PBXSourcesBuildPhase;
			buildActionMask = 2147483647;
			files = (
				470E36AB2757C8A600471449 /* RedditViewModel.swift in Sources */,
				470E36902757BDA900471449 /* ListView.swift in Sources */,
				470E36A82757C79700471449 /* NetworkError.swift in Sources */,
				470E36A62757C6F500471449 /* URLs.swift in Sources */,
				470E371C2757FB6A00471449 /* RowView.swift in Sources */,
				470E368E2757BDA900471449 /* LawrenceBroomfieldApp.swift in Sources */,
				470E36A42757C55B00471449 /* RedditResponse.swift in Sources */,
				470E369D2757BE7E00471449 /* NetworkProtocol.swift in Sources */,
				470E36A02757C51E00471449 /* RedditService.swift in Sources */,
			);
			runOnlyForDeploymentPostprocessing = 0;
		};
		470E371D2757FEAB00471449 /* Sources */ = {
			isa = PBXSourcesBuildPhase;
			buildActionMask = 2147483647;
			files = (
				470E374D27581EF400471449 /* FakeRedditService.swift in Sources */,
				470E37242757FEAB00471449 /* LawrenceBroomfieldTests.swift in Sources */,
			);
			runOnlyForDeploymentPostprocessing = 0;
		};
/* End PBXSourcesBuildPhase section */

/* Begin PBXTargetDependency section */
		470E37262757FEAB00471449 /* PBXTargetDependency */ = {
			isa = PBXTargetDependency;
			target = 470E36892757BDA900471449 /* LawrenceBroomfield */;
			targetProxy = 470E37252757FEAB00471449 /* PBXContainerItemProxy */;
		};
/* End PBXTargetDependency section */

/* Begin XCBuildConfiguration section */
		470E36962757BDAC00471449 /* Debug */ = {
			isa = XCBuildConfiguration;
			buildSettings = {
				ALWAYS_SEARCH_USER_PATHS = NO;
				CLANG_ANALYZER_NONNULL = YES;
				CLANG_ANALYZER_NUMBER_OBJECT_CONVERSION = YES_AGGRESSIVE;
				CLANG_CXX_LANGUAGE_STANDARD = "gnu++17";
				CLANG_CXX_LIBRARY = "libc++";
				CLANG_ENABLE_MODULES = YES;
				CLANG_ENABLE_OBJC_ARC = YES;
				CLANG_ENABLE_OBJC_WEAK = YES;
				CLANG_WARN_BLOCK_CAPTURE_AUTORELEASING = YES;
				CLANG_WARN_BOOL_CONVERSION = YES;
				CLANG_WARN_COMMA = YES;
				CLANG_WARN_CONSTANT_CONVERSION = YES;
				CLANG_WARN_DEPRECATED_OBJC_IMPLEMENTATIONS = YES;
				CLANG_WARN_DIRECT_OBJC_ISA_USAGE = YES_ERROR;
				CLANG_WARN_DOCUMENTATION_COMMENTS = YES;
				CLANG_WARN_EMPTY_BODY = YES;
				CLANG_WARN_ENUM_CONVERSION = YES;
				CLANG_WARN_INFINITE_RECURSION = YES;
				CLANG_WARN_INT_CONVERSION = YES;
				CLANG_WARN_NON_LITERAL_NULL_CONVERSION = YES;
				CLANG_WARN_OBJC_IMPLICIT_RETAIN_SELF = YES;
				CLANG_WARN_OBJC_LITERAL_CONVERSION = YES;
				CLANG_WARN_OBJC_ROOT_CLASS = YES_ERROR;
				CLANG_WARN_QUOTED_INCLUDE_IN_FRAMEWORK_HEADER = YES;
				CLANG_WARN_RANGE_LOOP_ANALYSIS = YES;
				CLANG_WARN_STRICT_PROTOTYPES = YES;
				CLANG_WARN_SUSPICIOUS_MOVE = YES;
				CLANG_WARN_UNGUARDED_AVAILABILITY = YES_AGGRESSIVE;
				CLANG_WARN_UNREACHABLE_CODE = YES;
				CLANG_WARN__DUPLICATE_METHOD_MATCH = YES;
				COPY_PHASE_STRIP = NO;
				DEBUG_INFORMATION_FORMAT = dwarf;
				ENABLE_STRICT_OBJC_MSGSEND = YES;
				ENABLE_TESTABILITY = YES;
				GCC_C_LANGUAGE_STANDARD = gnu11;
				GCC_DYNAMIC_NO_PIC = NO;
				GCC_NO_COMMON_BLOCKS = YES;
				GCC_OPTIMIZATION_LEVEL = 0;
				GCC_PREPROCESSOR_DEFINITIONS = (
					"DEBUG=1",
					"$(inherited)",
				);
				GCC_WARN_64_TO_32_BIT_CONVERSION = YES;
				GCC_WARN_ABOUT_RETURN_TYPE = YES_ERROR;
				GCC_WARN_UNDECLARED_SELECTOR = YES;
				GCC_WARN_UNINITIALIZED_AUTOS = YES_AGGRESSIVE;
				GCC_WARN_UNUSED_FUNCTION = YES;
				GCC_WARN_UNUSED_VARIABLE = YES;
				IPHONEOS_DEPLOYMENT_TARGET = 15.0;
				MTL_ENABLE_DEBUG_INFO = INCLUDE_SOURCE;
				MTL_FAST_MATH = YES;
				ONLY_ACTIVE_ARCH = YES;
				SDKROOT = iphoneos;
				SWIFT_ACTIVE_COMPILATION_CONDITIONS = DEBUG;
				SWIFT_OPTIMIZATION_LEVEL = "-Onone";
			};
			name = Debug;
		};
		470E36972757BDAC00471449 /* Release */ = {
			isa = XCBuildConfiguration;
			buildSettings = {
				ALWAYS_SEARCH_USER_PATHS = NO;
				CLANG_ANALYZER_NONNULL = YES;
				CLANG_ANALYZER_NUMBER_OBJECT_CONVERSION = YES_AGGRESSIVE;
				CLANG_CXX_LANGUAGE_STANDARD = "gnu++17";
				CLANG_CXX_LIBRARY = "libc++";
				CLANG_ENABLE_MODULES = YES;
				CLANG_ENABLE_OBJC_ARC = YES;
				CLANG_ENABLE_OBJC_WEAK = YES;
				CLANG_WARN_BLOCK_CAPTURE_AUTORELEASING = YES;
				CLANG_WARN_BOOL_CONVERSION = YES;
				CLANG_WARN_COMMA = YES;
				CLANG_WARN_CONSTANT_CONVERSION = YES;
				CLANG_WARN_DEPRECATED_OBJC_IMPLEMENTATIONS = YES;
				CLANG_WARN_DIRECT_OBJC_ISA_USAGE = YES_ERROR;
				CLANG_WARN_DOCUMENTATION_COMMENTS = YES;
				CLANG_WARN_EMPTY_BODY = YES;
				CLANG_WARN_ENUM_CONVERSION = YES;
				CLANG_WARN_INFINITE_RECURSION = YES;
				CLANG_WARN_INT_CONVERSION = YES;
				CLANG_WARN_NON_LITERAL_NULL_CONVERSION = YES;
				CLANG_WARN_OBJC_IMPLICIT_RETAIN_SELF = YES;
				CLANG_WARN_OBJC_LITERAL_CONVERSION = YES;
				CLANG_WARN_OBJC_ROOT_CLASS = YES_ERROR;
				CLANG_WARN_QUOTED_INCLUDE_IN_FRAMEWORK_HEADER = YES;
				CLANG_WARN_RANGE_LOOP_ANALYSIS = YES;
				CLANG_WARN_STRICT_PROTOTYPES = YES;
				CLANG_WARN_SUSPICIOUS_MOVE = YES;
				CLANG_WARN_UNGUARDED_AVAILABILITY = YES_AGGRESSIVE;
				CLANG_WARN_UNREACHABLE_CODE = YES;
				CLANG_WARN__DUPLICATE_METHOD_MATCH = YES;
				COPY_PHASE_STRIP = NO;
				DEBUG_INFORMATION_FORMAT = "dwarf-with-dsym";
				ENABLE_NS_ASSERTIONS = NO;
				ENABLE_STRICT_OBJC_MSGSEND = YES;
				GCC_C_LANGUAGE_STANDARD = gnu11;
				GCC_NO_COMMON_BLOCKS = YES;
				GCC_WARN_64_TO_32_BIT_CONVERSION = YES;
				GCC_WARN_ABOUT_RETURN_TYPE = YES_ERROR;
				GCC_WARN_UNDECLARED_SELECTOR = YES;
				GCC_WARN_UNINITIALIZED_AUTOS = YES_AGGRESSIVE;
				GCC_WARN_UNUSED_FUNCTION = YES;
				GCC_WARN_UNUSED_VARIABLE = YES;
				IPHONEOS_DEPLOYMENT_TARGET = 15.0;
				MTL_ENABLE_DEBUG_INFO = NO;
				MTL_FAST_MATH = YES;
				SDKROOT = iphoneos;
				SWIFT_COMPILATION_MODE = wholemodule;
				SWIFT_OPTIMIZATION_LEVEL = "-O";
				VALIDATE_PRODUCT = YES;
			};
			name = Release;
		};
		470E36992757BDAC00471449 /* Debug */ = {
			isa = XCBuildConfiguration;
			buildSettings = {
				ASSETCATALOG_COMPILER_APPICON_NAME = AppIcon;
				ASSETCATALOG_COMPILER_GLOBAL_ACCENT_COLOR_NAME = AccentColor;
				CODE_SIGN_STYLE = Automatic;
				CURRENT_PROJECT_VERSION = 1;
				DEVELOPMENT_ASSET_PATHS = "\"LawrenceBroomfield/Preview Content\"";
				ENABLE_PREVIEWS = YES;
				GENERATE_INFOPLIST_FILE = YES;
				INFOPLIST_KEY_UIApplicationSceneManifest_Generation = YES;
				INFOPLIST_KEY_UIApplicationSupportsIndirectInputEvents = YES;
				INFOPLIST_KEY_UILaunchScreen_Generation = YES;
				INFOPLIST_KEY_UISupportedInterfaceOrientations_iPad = "UIInterfaceOrientationPortrait UIInterfaceOrientationPortraitUpsideDown UIInterfaceOrientationLandscapeLeft UIInterfaceOrientationLandscapeRight";
				INFOPLIST_KEY_UISupportedInterfaceOrientations_iPhone = "UIInterfaceOrientationPortrait UIInterfaceOrientationLandscapeLeft UIInterfaceOrientationLandscapeRight";
				LD_RUNPATH_SEARCH_PATHS = (
					"$(inherited)",
					"@executable_path/Frameworks",
				);
				MARKETING_VERSION = 1.0;
				PRODUCT_BUNDLE_IDENTIFIER = com.sergelenbaatartsogtbaatar.LawrenceBroomfield;
				PRODUCT_NAME = "$(TARGET_NAME)";
				SWIFT_EMIT_LOC_STRINGS = YES;
				SWIFT_VERSION = 5.0;
				TARGETED_DEVICE_FAMILY = "1,2";
			};
			name = Debug;
		};
		470E369A2757BDAC00471449 /* Release */ = {
			isa = XCBuildConfiguration;
			buildSettings = {
				ASSETCATALOG_COMPILER_APPICON_NAME = AppIcon;
				ASSETCATALOG_COMPILER_GLOBAL_ACCENT_COLOR_NAME = AccentColor;
				CODE_SIGN_STYLE = Automatic;
				CURRENT_PROJECT_VERSION = 1;
				DEVELOPMENT_ASSET_PATHS = "\"LawrenceBroomfield/Preview Content\"";
				ENABLE_PREVIEWS = YES;
				GENERATE_INFOPLIST_FILE = YES;
				INFOPLIST_KEY_UIApplicationSceneManifest_Generation = YES;
				INFOPLIST_KEY_UIApplicationSupportsIndirectInputEvents = YES;
				INFOPLIST_KEY_UILaunchScreen_Generation = YES;
				INFOPLIST_KEY_UISupportedInterfaceOrientations_iPad = "UIInterfaceOrientationPortrait UIInterfaceOrientationPortraitUpsideDown UIInterfaceOrientationLandscapeLeft UIInterfaceOrientationLandscapeRight";
				INFOPLIST_KEY_UISupportedInterfaceOrientations_iPhone = "UIInterfaceOrientationPortrait UIInterfaceOrientationLandscapeLeft UIInterfaceOrientationLandscapeRight";
				LD_RUNPATH_SEARCH_PATHS = (
					"$(inherited)",
					"@executable_path/Frameworks",
				);
				MARKETING_VERSION = 1.0;
				PRODUCT_BUNDLE_IDENTIFIER = com.sergelenbaatartsogtbaatar.LawrenceBroomfield;
				PRODUCT_NAME = "$(TARGET_NAME)";
				SWIFT_EMIT_LOC_STRINGS = YES;
				SWIFT_VERSION = 5.0;
				TARGETED_DEVICE_FAMILY = "1,2";
			};
			name = Release;
		};
		470E37272757FEAB00471449 /* Debug */ = {
			isa = XCBuildConfiguration;
			buildSettings = {
				BUNDLE_LOADER = "$(TEST_HOST)";
				CODE_SIGN_STYLE = Automatic;
				CURRENT_PROJECT_VERSION = 1;
				GENERATE_INFOPLIST_FILE = YES;
				LD_RUNPATH_SEARCH_PATHS = (
					"$(inherited)",
					"@executable_path/Frameworks",
					"@loader_path/Frameworks",
				);
				MARKETING_VERSION = 1.0;
				PRODUCT_BUNDLE_IDENTIFIER = com.enhanceit.LawrenceBroomfieldTests;
				PRODUCT_NAME = "$(TARGET_NAME)";
				SWIFT_EMIT_LOC_STRINGS = NO;
				SWIFT_VERSION = 5.0;
				TARGETED_DEVICE_FAMILY = "1,2";
				TEST_HOST = "$(BUILT_PRODUCTS_DIR)/LawrenceBroomfield.app/LawrenceBroomfield";
			};
			name = Debug;
		};
		470E37282757FEAB00471449 /* Release */ = {
			isa = XCBuildConfiguration;
			buildSettings = {
				BUNDLE_LOADER = "$(TEST_HOST)";
				CODE_SIGN_STYLE = Automatic;
				CURRENT_PROJECT_VERSION = 1;
				GENERATE_INFOPLIST_FILE = YES;
				LD_RUNPATH_SEARCH_PATHS = (
					"$(inherited)",
					"@executable_path/Frameworks",
					"@loader_path/Frameworks",
				);
				MARKETING_VERSION = 1.0;
				PRODUCT_BUNDLE_IDENTIFIER = com.enhanceit.LawrenceBroomfieldTests;
				PRODUCT_NAME = "$(TARGET_NAME)";
				SWIFT_EMIT_LOC_STRINGS = NO;
				SWIFT_VERSION = 5.0;
				TARGETED_DEVICE_FAMILY = "1,2";
				TEST_HOST = "$(BUILT_PRODUCTS_DIR)/LawrenceBroomfield.app/LawrenceBroomfield";
			};
			name = Release;
		};
/* End XCBuildConfiguration section */

/* Begin XCConfigurationList section */
		470E36852757BDA900471449 /* Build configuration list for PBXProject "LawrenceBroomfield" */ = {
			isa = XCConfigurationList;
			buildConfigurations = (
				470E36962757BDAC00471449 /* Debug */,
				470E36972757BDAC00471449 /* Release */,
			);
			defaultConfigurationIsVisible = 0;
			defaultConfigurationName = Release;
		};
		470E36982757BDAC00471449 /* Build configuration list for PBXNativeTarget "LawrenceBroomfield" */ = {
			isa = XCConfigurationList;
			buildConfigurations = (
				470E36992757BDAC00471449 /* Debug */,
				470E369A2757BDAC00471449 /* Release */,
			);
			defaultConfigurationIsVisible = 0;
			defaultConfigurationName = Release;
		};
		470E37292757FEAB00471449 /* Build configuration list for PBXNativeTarget "LawrenceBroomfieldTests" */ = {
			isa = XCConfigurationList;
			buildConfigurations = (
				470E37272757FEAB00471449 /* Debug */,
				470E37282757FEAB00471449 /* Release */,
			);
			defaultConfigurationIsVisible = 0;
			defaultConfigurationName = Release;
		};
/* End XCConfigurationList section */
	};
	rootObject = 470E36822757BDA900471449 /* Project object */;
}
